
Microsoft Visual Studio Solution File, Format Version 12.00
# Visual Studio Version 16
VisualStudioVersion = 16.0.30114.105
MinimumVisualStudioVersion = 10.0.40219.1
Project("{FAE04EC0-301F-11D3-BF4B-00C04F79EFBC}") = "MarysApp.ConsoleApp", "MarysApp.ConsoleApp\MarysApp.ConsoleApp.csproj", "{B3296118-839D-4A8E-AE91-48838971F101}"
EndProject
Project("{FAE04EC0-301F-11D3-BF4B-00C04F79EFBC}") = "MarysApp.Repository", "MarysApp.Repository\MarysApp.Repository.csproj", "{054B6D63-D821-40F7-BF3E-2C2690469BEA}"
EndProject
Global
	GlobalSection(SolutionConfigurationPlatforms) = preSolution
		Debug|Any CPU = Debug|Any CPU
		Release|Any CPU = Release|Any CPU
	EndGlobalSection
	GlobalSection(SolutionProperties) = preSolution
		HideSolutionNode = FALSE
	EndGlobalSection
	GlobalSection(ProjectConfigurationPlatforms) = postSolution
		{B3296118-839D-4A8E-AE91-48838971F101}.Debug|Any CPU.ActiveCfg = Debug|Any CPU
		{B3296118-839D-4A8E-AE91-48838971F101}.Debug|Any CPU.Build.0 = Debug|Any CPU
		{B3296118-839D-4A8E-AE91-48838971F101}.Release|Any CPU.ActiveCfg = Release|Any CPU
		{B3296118-839D-4A8E-AE91-48838971F101}.Release|Any CPU.Build.0 = Release|Any CPU
		{054B6D63-D821-40F7-BF3E-2C2690469BEA}.Debug|Any CPU.ActiveCfg = Debug|Any CPU
		{054B6D63-D821-40F7-BF3E-2C2690469BEA}.Debug|Any CPU.Build.0 = Debug|Any CPU
		{054B6D63-D821-40F7-BF3E-2C2690469BEA}.Release|Any CPU.ActiveCfg = Release|Any CPU
		{054B6D63-D821-40F7-BF3E-2C2690469BEA}.Release|Any CPU.Build.0 = Release|Any CPU
	EndGlobalSection
EndGlobal
